<?xml version="1.0" encoding="UTF-8" standalone="yes" ?>
<CodeBlocks_project_file>
	<FileVersion major="1" minor="6" />
	<Project>
		<Option title="VendasDeCarro" />
		<Option pch_mode="2" />
		<Option compiler="gcc" />
		<Build>
			<Target title="Debug">
				<Option output="bin/Debug/VendasDeCarro" prefix_auto="1" extension_auto="1" />
				<Option object_output="obj/Debug/" />
				<Option type="1" />
				<Option compiler="gcc" />
				<Compiler>
					<Add option="-g" />
				</Compiler>
			</Target>
			<Target title="Release">
				<Option output="bin/Release/VendasDeCarro" prefix_auto="1" extension_auto="1" />
				<Option object_output="obj/Release/" />
				<Option type="1" />
				<Option compiler="gcc" />
				<Compiler>
					<Add option="-O2" />
				</Compiler>
				<Linker>
					<Add option="-s" />
				</Linker>
			</Target>
		</Build>
		<Compiler>
			<Add option="-Wall" />
		</Compiler>
		<Unit filename="adicionarCliente.c">
			<Option compilerVar="CC" />
		</Unit>
		<Unit filename="adicionarCliente.h">
			<Option target="&lt;{~None~}&gt;" />
		</Unit>
		<Unit filename="atualizarCliente.c">
			<Option compilerVar="CC" />
		</Unit>
		<Unit filename="atualizarCliente.h">
			<Option target="&lt;{~None~}&gt;" />
		</Unit>
		<Unit filename="buscarCliente.c">
			<Option compilerVar="CC" />
		</Unit>
		<Unit filename="buscarCliente.h">
			<Option target="&lt;{~None~}&gt;" />
		</Unit>
		<Unit filename="carregarCliente.c">
			<Option compilerVar="CC" />
		</Unit>
		<Unit filename="carregarCliente.h">
			<Option target="&lt;{~None~}&gt;" />
		</Unit>
		<Unit filename="carregarVendas.c">
			<Option compilerVar="CC" />
		</Unit>
		<Unit filename="carregarVendas.h">
			<Option target="&lt;{~None~}&gt;" />
		</Unit>
		<Unit filename="carros.h">
			<Option target="&lt;{~None~}&gt;" />
		</Unit>
		<Unit filename="clientes.h">
			<Option target="&lt;{~None~}&gt;" />
		</Unit>
		<Unit filename="listarCarros.c">
			<Option compilerVar="CC" />
		</Unit>
		<Unit filename="listarCarros.h">
			<Option target="&lt;{~None~}&gt;" />
		</Unit>
		<Unit filename="listarVendas.c">
			<Option compilerVar="CC" />
		</Unit>
		<Unit filename="listarVendas.h">
			<Option target="&lt;{~None~}&gt;" />
		</Unit>
		<Unit filename="main.c">
			<Option compilerVar="CC" />
		</Unit>
		<Unit filename="removerCarros.c">
			<Option compilerVar="CC" />
		</Unit>
		<Unit filename="removerCarros.h">
			<Option target="&lt;{~None~}&gt;" />
		</Unit>
		<Unit filename="salvarCarros.c">
			<Option compilerVar="CC" />
		</Unit>
		<Unit filename="salvarCarros.h">
			<Option target="&lt;{~None~}&gt;" />
		</Unit>
		<Unit filename="structs.c">
			<Option compilerVar="CC" />
		</Unit>
		<Unit filename="vendas.h">
			<Option target="&lt;{~None~}&gt;" />
		</Unit>
		<Extensions>
			<lib_finder disable_auto="1" />
		</Extensions>
	</Project>
</CodeBlocks_project_file>
